
Microsoft Visual Studio Solution File, Format Version 12.00
# Visual Studio Version 17
VisualStudioVersion = 17.5.33502.453
MinimumVisualStudioVersion = 10.0.40219.1
Project("{FAE04EC0-301F-11D3-BF4B-00C04F79EFBC}") = "BookStore.Api", "BookStore.Api\BookStore.Api.csproj", "{7543923B-FD36-4E85-9A49-B2250BFFFCFA}"
EndProject
Global
	GlobalSection(SolutionConfigurationPlatforms) = preSolution
		Debug|Any CPU = Debug|Any CPU
		Release|Any CPU = Release|Any CPU
	EndGlobalSection
	GlobalSection(ProjectConfigurationPlatforms) = postSolution
		{7543923B-FD36-4E85-9A49-B2250BFFFCFA}.Debug|Any CPU.ActiveCfg = Debug|Any CPU
		{7543923B-FD36-4E85-9A49-B2250BFFFCFA}.Debug|Any CPU.Build.0 = Debug|Any CPU
		{7543923B-FD36-4E85-9A49-B2250BFFFCFA}.Release|Any CPU.ActiveCfg = Release|Any CPU
		{7543923B-FD36-4E85-9A49-B2250BFFFCFA}.Release|Any CPU.Build.0 = Release|Any CPU
	EndGlobalSection
	GlobalSection(SolutionProperties) = preSolution
		HideSolutionNode = FALSE
	EndGlobalSection
	GlobalSection(ExtensibilityGlobals) = postSolution
		SolutionGuid = {D98BA0A7-0B50-4ED0-9614-BE4D88870E3E}
	EndGlobalSection
EndGlobal
